
Microsoft Visual Studio Solution File, Format Version 12.00
# Visual Studio 2012
Project("{FAE04EC0-301F-11D3-BF4B-00C04F79EFBC}") = "connectToASSISTments_1", "WebApplication1\connectToASSISTments_1.csproj", "{45C7CC79-9E20-404A-A467-D5E05CB718FC}"
EndProject
Global
	GlobalSection(SolutionConfigurationPlatforms) = preSolution
		Debug|Any CPU = Debug|Any CPU
		Release|Any CPU = Release|Any CPU
	EndGlobalSection
	GlobalSection(ProjectConfigurationPlatforms) = postSolution
		{45C7CC79-9E20-404A-A467-D5E05CB718FC}.Debug|Any CPU.ActiveCfg = Debug|Any CPU
		{45C7CC79-9E20-404A-A467-D5E05CB718FC}.Debug|Any CPU.Build.0 = Debug|Any CPU
		{45C7CC79-9E20-404A-A467-D5E05CB718FC}.Release|Any CPU.ActiveCfg = Release|Any CPU
		{45C7CC79-9E20-404A-A467-D5E05CB718FC}.Release|Any CPU.Build.0 = Release|Any CPU
	EndGlobalSection
	GlobalSection(SolutionProperties) = preSolution
		HideSolutionNode = FALSE
	EndGlobalSection
EndGlobal
